
Microsoft Visual Studio Solution File, Format Version 12.00
# Visual Studio 15
VisualStudioVersion = 15.0.26124.0
MinimumVisualStudioVersion = 15.0.26124.0
Project("{2150E333-8FDC-42A3-9474-1A3956D46DE8}") = "src", "src", "{A4299DF7-8B8A-4A4F-94F3-3E376A246912}"
EndProject
Project("{FAE04EC0-301F-11D3-BF4B-00C04F79EFBC}") = "CommandAPI", "src\CommandAPI\CommandAPI.csproj", "{472D2F6A-69F0-447E-B878-A370F9242D7D}"
EndProject
Project("{2150E333-8FDC-42A3-9474-1A3956D46DE8}") = "test", "test", "{FFEECF4E-364D-46FF-913C-B72416231CF5}"
EndProject
Project("{FAE04EC0-301F-11D3-BF4B-00C04F79EFBC}") = "CommandAPI.Tests", "test\CommandAPI.Tests\CommandAPI.Tests.csproj", "{D0909C5D-02FE-4BDF-89B7-8FD5FB54853D}"
EndProject
Global
	GlobalSection(SolutionConfigurationPlatforms) = preSolution
		Debug|Any CPU = Debug|Any CPU
		Debug|x64 = Debug|x64
		Debug|x86 = Debug|x86
		Release|Any CPU = Release|Any CPU
		Release|x64 = Release|x64
		Release|x86 = Release|x86
	EndGlobalSection
	GlobalSection(SolutionProperties) = preSolution
		HideSolutionNode = FALSE
	EndGlobalSection
	GlobalSection(ProjectConfigurationPlatforms) = postSolution
		{472D2F6A-69F0-447E-B878-A370F9242D7D}.Debug|Any CPU.ActiveCfg = Debug|Any CPU
		{472D2F6A-69F0-447E-B878-A370F9242D7D}.Debug|Any CPU.Build.0 = Debug|Any CPU
		{472D2F6A-69F0-447E-B878-A370F9242D7D}.Debug|x64.ActiveCfg = Debug|Any CPU
		{472D2F6A-69F0-447E-B878-A370F9242D7D}.Debug|x64.Build.0 = Debug|Any CPU
		{472D2F6A-69F0-447E-B878-A370F9242D7D}.Debug|x86.ActiveCfg = Debug|Any CPU
		{472D2F6A-69F0-447E-B878-A370F9242D7D}.Debug|x86.Build.0 = Debug|Any CPU
		{472D2F6A-69F0-447E-B878-A370F9242D7D}.Release|Any CPU.ActiveCfg = Release|Any CPU
		{472D2F6A-69F0-447E-B878-A370F9242D7D}.Release|Any CPU.Build.0 = Release|Any CPU
		{472D2F6A-69F0-447E-B878-A370F9242D7D}.Release|x64.ActiveCfg = Release|Any CPU
		{472D2F6A-69F0-447E-B878-A370F9242D7D}.Release|x64.Build.0 = Release|Any CPU
		{472D2F6A-69F0-447E-B878-A370F9242D7D}.Release|x86.ActiveCfg = Release|Any CPU
		{472D2F6A-69F0-447E-B878-A370F9242D7D}.Release|x86.Build.0 = Release|Any CPU
		{D0909C5D-02FE-4BDF-89B7-8FD5FB54853D}.Debug|Any CPU.ActiveCfg = Debug|Any CPU
		{D0909C5D-02FE-4BDF-89B7-8FD5FB54853D}.Debug|Any CPU.Build.0 = Debug|Any CPU
		{D0909C5D-02FE-4BDF-89B7-8FD5FB54853D}.Debug|x64.ActiveCfg = Debug|Any CPU
		{D0909C5D-02FE-4BDF-89B7-8FD5FB54853D}.Debug|x64.Build.0 = Debug|Any CPU
		{D0909C5D-02FE-4BDF-89B7-8FD5FB54853D}.Debug|x86.ActiveCfg = Debug|Any CPU
		{D0909C5D-02FE-4BDF-89B7-8FD5FB54853D}.Debug|x86.Build.0 = Debug|Any CPU
		{D0909C5D-02FE-4BDF-89B7-8FD5FB54853D}.Release|Any CPU.ActiveCfg = Release|Any CPU
		{D0909C5D-02FE-4BDF-89B7-8FD5FB54853D}.Release|Any CPU.Build.0 = Release|Any CPU
		{D0909C5D-02FE-4BDF-89B7-8FD5FB54853D}.Release|x64.ActiveCfg = Release|Any CPU
		{D0909C5D-02FE-4BDF-89B7-8FD5FB54853D}.Release|x64.Build.0 = Release|Any CPU
		{D0909C5D-02FE-4BDF-89B7-8FD5FB54853D}.Release|x86.ActiveCfg = Release|Any CPU
		{D0909C5D-02FE-4BDF-89B7-8FD5FB54853D}.Release|x86.Build.0 = Release|Any CPU
	EndGlobalSection
	GlobalSection(NestedProjects) = preSolution
		{472D2F6A-69F0-447E-B878-A370F9242D7D} = {A4299DF7-8B8A-4A4F-94F3-3E376A246912}
		{D0909C5D-02FE-4BDF-89B7-8FD5FB54853D} = {FFEECF4E-364D-46FF-913C-B72416231CF5}
	EndGlobalSection
EndGlobal
